// !$*UTF8*$!
{
	archiveVersion = 1;
	classes = {
	};
	objectVersion = 56;
	objects = {

/* Begin PBXBuildFile section */
		5775909B057D1C80064E38F6 /* Pods_LLOYDSTest.framework in Frameworks */ = {isa = PBXBuildFile; fileRef = 46297185B0A6E4608AC124B1 /* Pods_LLOYDSTest.framework */; };
		9BF479592978ECC400BAAC9F /* AppDelegate.swift in Sources */ = {isa = PBXBuildFile; fileRef = 9BF479582978ECC400BAAC9F /* AppDelegate.swift */; };
		9BF4795B2978ECC400BAAC9F /* SceneDelegate.swift in Sources */ = {isa = PBXBuildFile; fileRef = 9BF4795A2978ECC400BAAC9F /* SceneDelegate.swift */; };
		9BF4795D2978ECC400BAAC9F /* ViewController.swift in Sources */ = {isa = PBXBuildFile; fileRef = 9BF4795C2978ECC400BAAC9F /* ViewController.swift */; };
		9BF479602978ECC400BAAC9F /* Main.storyboard in Resources */ = {isa = PBXBuildFile; fileRef = 9BF4795E2978ECC400BAAC9F /* Main.storyboard */; };
		9BF479622978ECC600BAAC9F /* Assets.xcassets in Resources */ = {isa = PBXBuildFile; fileRef = 9BF479612978ECC600BAAC9F /* Assets.xcassets */; };
		9BF479652978ECC600BAAC9F /* LaunchScreen.storyboard in Resources */ = {isa = PBXBuildFile; fileRef = 9BF479632978ECC600BAAC9F /* LaunchScreen.storyboard */; };
		9BF479702978ECC600BAAC9F /* LLOYDSTestTests.swift in Sources */ = {isa = PBXBuildFile; fileRef = 9BF4796F2978ECC600BAAC9F /* LLOYDSTestTests.swift */; };
		9BF4797A2978ECC600BAAC9F /* LLOYDSTestUITests.swift in Sources */ = {isa = PBXBuildFile; fileRef = 9BF479792978ECC600BAAC9F /* LLOYDSTestUITests.swift */; };
		9BF4797C2978ECC600BAAC9F /* LLOYDSTestUITestsLaunchTests.swift in Sources */ = {isa = PBXBuildFile; fileRef = 9BF4797B2978ECC600BAAC9F /* LLOYDSTestUITestsLaunchTests.swift */; };
		9BF4798C2978EE5000BAAC9F /* Road.swift in Sources */ = {isa = PBXBuildFile; fileRef = 9BF4798B2978EE5000BAAC9F /* Road.swift */; };
		9BF479902978F07300BAAC9F /* APIManager.swift in Sources */ = {isa = PBXBuildFile; fileRef = 9BF4798F2978F07300BAAC9F /* APIManager.swift */; };
		9BF479922978F1B300BAAC9F /* APIEndpoints.swift in Sources */ = {isa = PBXBuildFile; fileRef = 9BF479912978F1B300BAAC9F /* APIEndpoints.swift */; };
		9BF479982978F42400BAAC9F /* APIError.swift in Sources */ = {isa = PBXBuildFile; fileRef = 9BF479972978F42400BAAC9F /* APIError.swift */; };
		9BF4799B2978F8AA00BAAC9F /* RoadViewModel.swift in Sources */ = {isa = PBXBuildFile; fileRef = 9BF4799A2978F8AA00BAAC9F /* RoadViewModel.swift */; };
		9BF4799E2979204900BAAC9F /* BaseViewController.swift in Sources */ = {isa = PBXBuildFile; fileRef = 9BF4799D2979204900BAAC9F /* BaseViewController.swift */; };
		9BF479A12979209D00BAAC9F /* RoadView.swift in Sources */ = {isa = PBXBuildFile; fileRef = 9BF479A02979209D00BAAC9F /* RoadView.swift */; };
		9BF479A4297922D100BAAC9F /* Constant.swift in Sources */ = {isa = PBXBuildFile; fileRef = 9BF479A3297922D100BAAC9F /* Constant.swift */; };
		C6539492252C40802E8F3A8C /* Pods_LLOYDSTestTests.framework in Frameworks */ = {isa = PBXBuildFile; fileRef = A4C49E50E208AB2AD5B15C40 /* Pods_LLOYDSTestTests.framework */; };
/* End PBXBuildFile section */

/* Begin PBXContainerItemProxy section */
		9BF4796C2978ECC600BAAC9F /* PBXContainerItemProxy */ = {
			isa = PBXContainerItemProxy;
			containerPortal = 9BF4794D2978ECC400BAAC9F /* Project object */;
			proxyType = 1;
			remoteGlobalIDString = 9BF479542978ECC400BAAC9F;
			remoteInfo = LLOYDSTest;
		};
		9BF479762978ECC600BAAC9F /* PBXContainerItemProxy */ = {
			isa = PBXContainerItemProxy;
			containerPortal = 9BF4794D2978ECC400BAAC9F /* Project object */;
			proxyType = 1;
			remoteGlobalIDString = 9BF479542978ECC400BAAC9F;
			remoteInfo = LLOYDSTest;
		};
/* End PBXContainerItemProxy section */

/* Begin PBXFileReference section */
		0241E6CA41F2A15765A9E646 /* Pods-LLOYDSTest.release.xcconfig */ = {isa = PBXFileReference; includeInIndex = 1; lastKnownFileType = text.xcconfig; name = "Pods-LLOYDSTest.release.xcconfig"; path = "Target Support Files/Pods-LLOYDSTest/Pods-LLOYDSTest.release.xcconfig"; sourceTree = "<group>"; };
		46297185B0A6E4608AC124B1 /* Pods_LLOYDSTest.framework */ = {isa = PBXFileReference; explicitFileType = wrapper.framework; includeInIndex = 0; path = Pods_LLOYDSTest.framework; sourceTree = BUILT_PRODUCTS_DIR; };
		522F1BA78AC8035B05A4866D /* Pods-LLOYDSTestTests.release.xcconfig */ = {isa = PBXFileReference; includeInIndex = 1; lastKnownFileType = text.xcconfig; name = "Pods-LLOYDSTestTests.release.xcconfig"; path = "Target Support Files/Pods-LLOYDSTestTests/Pods-LLOYDSTestTests.release.xcconfig"; sourceTree = "<group>"; };
		6460B62C0796AC06C4E78D23 /* Pods-LLOYDSTest.debug.xcconfig */ = {isa = PBXFileReference; includeInIndex = 1; lastKnownFileType = text.xcconfig; name = "Pods-LLOYDSTest.debug.xcconfig"; path = "Target Support Files/Pods-LLOYDSTest/Pods-LLOYDSTest.debug.xcconfig"; sourceTree = "<group>"; };
		9914B8A3A6E098B761BB3222 /* Pods-LLOYDSTestTests.debug.xcconfig */ = {isa = PBXFileReference; includeInIndex = 1; lastKnownFileType = text.xcconfig; name = "Pods-LLOYDSTestTests.debug.xcconfig"; path = "Target Support Files/Pods-LLOYDSTestTests/Pods-LLOYDSTestTests.debug.xcconfig"; sourceTree = "<group>"; };
		9BF479552978ECC400BAAC9F /* LLOYDSTest.app */ = {isa = PBXFileReference; explicitFileType = wrapper.application; includeInIndex = 0; path = LLOYDSTest.app; sourceTree = BUILT_PRODUCTS_DIR; };
		9BF479582978ECC400BAAC9F /* AppDelegate.swift */ = {isa = PBXFileReference; lastKnownFileType = sourcecode.swift; path = AppDelegate.swift; sourceTree = "<group>"; };
		9BF4795A2978ECC400BAAC9F /* SceneDelegate.swift */ = {isa = PBXFileReference; lastKnownFileType = sourcecode.swift; path = SceneDelegate.swift; sourceTree = "<group>"; };
		9BF4795C2978ECC400BAAC9F /* ViewController.swift */ = {isa = PBXFileReference; lastKnownFileType = sourcecode.swift; path = ViewController.swift; sourceTree = "<group>"; };
		9BF4795F2978ECC400BAAC9F /* Base */ = {isa = PBXFileReference; lastKnownFileType = file.storyboard; name = Base; path = Base.lproj/Main.storyboard; sourceTree = "<group>"; };
		9BF479612978ECC600BAAC9F /* Assets.xcassets */ = {isa = PBXFileReference; lastKnownFileType = folder.assetcatalog; path = Assets.xcassets; sourceTree = "<group>"; };
		9BF479642978ECC600BAAC9F /* Base */ = {isa = PBXFileReference; lastKnownFileType = file.storyboard; name = Base; path = Base.lproj/LaunchScreen.storyboard; sourceTree = "<group>"; };
		9BF479662978ECC600BAAC9F /* Info.plist */ = {isa = PBXFileReference; lastKnownFileType = text.plist.xml; path = Info.plist; sourceTree = "<group>"; };
		9BF4796B2978ECC600BAAC9F /* LLOYDSTestTests.xctest */ = {isa = PBXFileReference; explicitFileType = wrapper.cfbundle; includeInIndex = 0; path = LLOYDSTestTests.xctest; sourceTree = BUILT_PRODUCTS_DIR; };
		9BF4796F2978ECC600BAAC9F /* LLOYDSTestTests.swift */ = {isa = PBXFileReference; lastKnownFileType = sourcecode.swift; path = LLOYDSTestTests.swift; sourceTree = "<group>"; };
		9BF479752978ECC600BAAC9F /* LLOYDSTestUITests.xctest */ = {isa = PBXFileReference; explicitFileType = wrapper.cfbundle; includeInIndex = 0; path = LLOYDSTestUITests.xctest; sourceTree = BUILT_PRODUCTS_DIR; };
		9BF479792978ECC600BAAC9F /* LLOYDSTestUITests.swift */ = {isa = PBXFileReference; lastKnownFileType = sourcecode.swift; path = LLOYDSTestUITests.swift; sourceTree = "<group>"; };
		9BF4797B2978ECC600BAAC9F /* LLOYDSTestUITestsLaunchTests.swift */ = {isa = PBXFileReference; lastKnownFileType = sourcecode.swift; path = LLOYDSTestUITestsLaunchTests.swift; sourceTree = "<group>"; };
		9BF4798B2978EE5000BAAC9F /* Road.swift */ = {isa = PBXFileReference; lastKnownFileType = sourcecode.swift; path = Road.swift; sourceTree = "<group>"; };
		9BF4798F2978F07300BAAC9F /* APIManager.swift */ = {isa = PBXFileReference; lastKnownFileType = sourcecode.swift; path = APIManager.swift; sourceTree = "<group>"; };
		9BF479912978F1B300BAAC9F /* APIEndpoints.swift */ = {isa = PBXFileReference; lastKnownFileType = sourcecode.swift; path = APIEndpoints.swift; sourceTree = "<group>"; };
		9BF479972978F42400BAAC9F /* APIError.swift */ = {isa = PBXFileReference; lastKnownFileType = sourcecode.swift; path = APIError.swift; sourceTree = "<group>"; };
		9BF4799A2978F8AA00BAAC9F /* RoadViewModel.swift */ = {isa = PBXFileReference; lastKnownFileType = sourcecode.swift; path = RoadViewModel.swift; sourceTree = "<group>"; };
		9BF4799D2979204900BAAC9F /* BaseViewController.swift */ = {isa = PBXFileReference; lastKnownFileType = sourcecode.swift; path = BaseViewController.swift; sourceTree = "<group>"; };
		9BF479A02979209D00BAAC9F /* RoadView.swift */ = {isa = PBXFileReference; lastKnownFileType = sourcecode.swift; path = RoadView.swift; sourceTree = "<group>"; };
		9BF479A3297922D100BAAC9F /* Constant.swift */ = {isa = PBXFileReference; lastKnownFileType = sourcecode.swift; path = Constant.swift; sourceTree = "<group>"; };
		A4C49E50E208AB2AD5B15C40 /* Pods_LLOYDSTestTests.framework */ = {isa = PBXFileReference; explicitFileType = wrapper.framework; includeInIndex = 0; path = Pods_LLOYDSTestTests.framework; sourceTree = BUILT_PRODUCTS_DIR; };
/* End PBXFileReference section */

/* Begin PBXFrameworksBuildPhase section */
		9BF479522978ECC400BAAC9F /* Frameworks */ = {
			isa = PBXFrameworksBuildPhase;
			buildActionMask = 2147483647;
			files = (
				5775909B057D1C80064E38F6 /* Pods_LLOYDSTest.framework in Frameworks */,
			);
			runOnlyForDeploymentPostprocessing = 0;
		};
		9BF479682978ECC600BAAC9F /* Frameworks */ = {
			isa = PBXFrameworksBuildPhase;
			buildActionMask = 2147483647;
			files = (
				C6539492252C40802E8F3A8C /* Pods_LLOYDSTestTests.framework in Frameworks */,
			);
			runOnlyForDeploymentPostprocessing = 0;
		};
		9BF479722978ECC600BAAC9F /* Frameworks */ = {
			isa = PBXFrameworksBuildPhase;
			buildActionMask = 2147483647;
			files = (
			);
			runOnlyForDeploymentPostprocessing = 0;
		};
/* End PBXFrameworksBuildPhase section */

/* Begin PBXGroup section */
		9BF4794C2978ECC400BAAC9F = {
			isa = PBXGroup;
			children = (
				9BF479572978ECC400BAAC9F /* LLOYDSTest */,
				9BF4796E2978ECC600BAAC9F /* LLOYDSTestTests */,
				9BF479782978ECC600BAAC9F /* LLOYDSTestUITests */,
				9BF479562978ECC400BAAC9F /* Products */,
				B1C3B08B66633A1B179CCAC6 /* Pods */,
				CC24E88689023EC1B402044B /* Frameworks */,
			);
			sourceTree = "<group>";
		};
		9BF479562978ECC400BAAC9F /* Products */ = {
			isa = PBXGroup;
			children = (
				9BF479552978ECC400BAAC9F /* LLOYDSTest.app */,
				9BF4796B2978ECC600BAAC9F /* LLOYDSTestTests.xctest */,
				9BF479752978ECC600BAAC9F /* LLOYDSTestUITests.xctest */,
			);
			name = Products;
			sourceTree = "<group>";
		};
		9BF479572978ECC400BAAC9F /* LLOYDSTest */ = {
			isa = PBXGroup;
			children = (
				9BF479A2297922C000BAAC9F /* Constant */,
				9BF4799F2979208700BAAC9F /* View */,
				9BF4799C2979202900BAAC9F /* Controllers */,
				9BF479992978F46D00BAAC9F /* ViewModel */,
				9BF4798D2978EE5500BAAC9F /* Model */,
				9BF479882978ECCD00BAAC9F /* Services */,
				9BF479582978ECC400BAAC9F /* AppDelegate.swift */,
				9BF4795A2978ECC400BAAC9F /* SceneDelegate.swift */,
				9BF4795E2978ECC400BAAC9F /* Main.storyboard */,
				9BF479612978ECC600BAAC9F /* Assets.xcassets */,
				9BF479632978ECC600BAAC9F /* LaunchScreen.storyboard */,
				9BF479662978ECC600BAAC9F /* Info.plist */,
			);
			path = LLOYDSTest;
			sourceTree = "<group>";
		};
		9BF4796E2978ECC600BAAC9F /* LLOYDSTestTests */ = {
			isa = PBXGroup;
			children = (
				9BF4796F2978ECC600BAAC9F /* LLOYDSTestTests.swift */,
			);
			path = LLOYDSTestTests;
			sourceTree = "<group>";
		};
		9BF479782978ECC600BAAC9F /* LLOYDSTestUITests */ = {
			isa = PBXGroup;
			children = (
				9BF479792978ECC600BAAC9F /* LLOYDSTestUITests.swift */,
				9BF4797B2978ECC600BAAC9F /* LLOYDSTestUITestsLaunchTests.swift */,
			);
			path = LLOYDSTestUITests;
			sourceTree = "<group>";
		};
		9BF479882978ECCD00BAAC9F /* Services */ = {
			isa = PBXGroup;
			children = (
				9BF4798E2978F05800BAAC9F /* API */,
			);
			path = Services;
			sourceTree = "<group>";
		};
		9BF4798D2978EE5500BAAC9F /* Model */ = {
			isa = PBXGroup;
			children = (
				9BF4798B2978EE5000BAAC9F /* Road.swift */,
			);
			path = Model;
			sourceTree = "<group>";
		};
		9BF4798E2978F05800BAAC9F /* API */ = {
			isa = PBXGroup;
			children = (
				9BF4798F2978F07300BAAC9F /* APIManager.swift */,
				9BF479912978F1B300BAAC9F /* APIEndpoints.swift */,
				9BF479972978F42400BAAC9F /* APIError.swift */,
			);
			path = API;
			sourceTree = "<group>";
		};
		9BF479992978F46D00BAAC9F /* ViewModel */ = {
			isa = PBXGroup;
			children = (
				9BF4799A2978F8AA00BAAC9F /* RoadViewModel.swift */,
			);
			path = ViewModel;
			sourceTree = "<group>";
		};
		9BF4799C2979202900BAAC9F /* Controllers */ = {
			isa = PBXGroup;
			children = (
				9BF4795C2978ECC400BAAC9F /* ViewController.swift */,
				9BF4799D2979204900BAAC9F /* BaseViewController.swift */,
			);
			path = Controllers;
			sourceTree = "<group>";
		};
		9BF4799F2979208700BAAC9F /* View */ = {
			isa = PBXGroup;
			children = (
				9BF479A02979209D00BAAC9F /* RoadView.swift */,
			);
			path = View;
			sourceTree = "<group>";
		};
		9BF479A2297922C000BAAC9F /* Constant */ = {
			isa = PBXGroup;
			children = (
				9BF479A3297922D100BAAC9F /* Constant.swift */,
			);
			path = Constant;
			sourceTree = "<group>";
		};
		B1C3B08B66633A1B179CCAC6 /* Pods */ = {
			isa = PBXGroup;
			children = (
				6460B62C0796AC06C4E78D23 /* Pods-LLOYDSTest.debug.xcconfig */,
				0241E6CA41F2A15765A9E646 /* Pods-LLOYDSTest.release.xcconfig */,
				9914B8A3A6E098B761BB3222 /* Pods-LLOYDSTestTests.debug.xcconfig */,
				522F1BA78AC8035B05A4866D /* Pods-LLOYDSTestTests.release.xcconfig */,
			);
			path = Pods;
			sourceTree = "<group>";
		};
		CC24E88689023EC1B402044B /* Frameworks */ = {
			isa = PBXGroup;
			children = (
				46297185B0A6E4608AC124B1 /* Pods_LLOYDSTest.framework */,
				A4C49E50E208AB2AD5B15C40 /* Pods_LLOYDSTestTests.framework */,
			);
			name = Frameworks;
			sourceTree = "<group>";
		};
/* End PBXGroup section */

/* Begin PBXNativeTarget section */
		9BF479542978ECC400BAAC9F /* LLOYDSTest */ = {
			isa = PBXNativeTarget;
			buildConfigurationList = 9BF4797F2978ECC600BAAC9F /* Build configuration list for PBXNativeTarget "LLOYDSTest" */;
			buildPhases = (
				6C70DC0B8EB4807E16E100D3 /* [CP] Check Pods Manifest.lock */,
				9BF479512978ECC400BAAC9F /* Sources */,
				9BF479522978ECC400BAAC9F /* Frameworks */,
				9BF479532978ECC400BAAC9F /* Resources */,
				526F9F50D8D63CFD10A78936 /* [CP] Embed Pods Frameworks */,
			);
			buildRules = (
			);
			dependencies = (
			);
			name = LLOYDSTest;
			productName = LLOYDSTest;
			productReference = 9BF479552978ECC400BAAC9F /* LLOYDSTest.app */;
			productType = "com.apple.product-type.application";
		};
		9BF4796A2978ECC600BAAC9F /* LLOYDSTestTests */ = {
			isa = PBXNativeTarget;
			buildConfigurationList = 9BF479822978ECC600BAAC9F /* Build configuration list for PBXNativeTarget "LLOYDSTestTests" */;
			buildPhases = (
				2D013B987785CBCF684C1210 /* [CP] Check Pods Manifest.lock */,
				9BF479672978ECC600BAAC9F /* Sources */,
				9BF479682978ECC600BAAC9F /* Frameworks */,
				9BF479692978ECC600BAAC9F /* Resources */,
			);
			buildRules = (
			);
			dependencies = (
				9BF4796D2978ECC600BAAC9F /* PBXTargetDependency */,
			);
			name = LLOYDSTestTests;
			productName = LLOYDSTestTests;
			productReference = 9BF4796B2978ECC600BAAC9F /* LLOYDSTestTests.xctest */;
			productType = "com.apple.product-type.bundle.unit-test";
		};
		9BF479742978ECC600BAAC9F /* LLOYDSTestUITests */ = {
			isa = PBXNativeTarget;
			buildConfigurationList = 9BF479852978ECC600BAAC9F /* Build configuration list for PBXNativeTarget "LLOYDSTestUITests" */;
			buildPhases = (
				9BF479712978ECC600BAAC9F /* Sources */,
				9BF479722978ECC600BAAC9F /* Frameworks */,
				9BF479732978ECC600BAAC9F /* Resources */,
			);
			buildRules = (
			);
			dependencies = (
				9BF479772978ECC600BAAC9F /* PBXTargetDependency */,
			);
			name = LLOYDSTestUITests;
			productName = LLOYDSTestUITests;
			productReference = 9BF479752978ECC600BAAC9F /* LLOYDSTestUITests.xctest */;
			productType = "com.apple.product-type.bundle.ui-testing";
		};
/* End PBXNativeTarget section */

/* Begin PBXProject section */
		9BF4794D2978ECC400BAAC9F /* Project object */ = {
			isa = PBXProject;
			attributes = {
				BuildIndependentTargetsInParallel = 1;
				LastSwiftUpdateCheck = 1410;
				LastUpgradeCheck = 1410;
				TargetAttributes = {
					9BF479542978ECC400BAAC9F = {
						CreatedOnToolsVersion = 14.1;
					};
					9BF4796A2978ECC600BAAC9F = {
						CreatedOnToolsVersion = 14.1;
						TestTargetID = 9BF479542978ECC400BAAC9F;
					};
					9BF479742978ECC600BAAC9F = {
						CreatedOnToolsVersion = 14.1;
						TestTargetID = 9BF479542978ECC400BAAC9F;
					};
				};
			};
			buildConfigurationList = 9BF479502978ECC400BAAC9F /* Build configuration list for PBXProject "LLOYDSTest" */;
			compatibilityVersion = "Xcode 14.0";
			developmentRegion = en;
			hasScannedForEncodings = 0;
			knownRegions = (
				en,
				Base,
			);
			mainGroup = 9BF4794C2978ECC400BAAC9F;
			productRefGroup = 9BF479562978ECC400BAAC9F /* Products */;
			projectDirPath = "";
			projectRoot = "";
			targets = (
				9BF479542978ECC400BAAC9F /* LLOYDSTest */,
				9BF4796A2978ECC600BAAC9F /* LLOYDSTestTests */,
				9BF479742978ECC600BAAC9F /* LLOYDSTestUITests */,
			);
		};
/* End PBXProject section */

/* Begin PBXResourcesBuildPhase section */
		9BF479532978ECC400BAAC9F /* Resources */ = {
			isa = PBXResourcesBuildPhase;
			buildActionMask = 2147483647;
			files = (
				9BF479652978ECC600BAAC9F /* LaunchScreen.storyboard in Resources */,
				9BF479622978ECC600BAAC9F /* Assets.xcassets in Resources */,
				9BF479602978ECC400BAAC9F /* Main.storyboard in Resources */,
			);
			runOnlyForDeploymentPostprocessing = 0;
		};
		9BF479692978ECC600BAAC9F /* Resources */ = {
			isa = PBXResourcesBuildPhase;
			buildActionMask = 2147483647;
			files = (
			);
			runOnlyForDeploymentPostprocessing = 0;
		};
		9BF479732978ECC600BAAC9F /* Resources */ = {
			isa = PBXResourcesBuildPhase;
			buildActionMask = 2147483647;
			files = (
			);
			runOnlyForDeploymentPostprocessing = 0;
		};
/* End PBXResourcesBuildPhase section */

/* Begin PBXShellScriptBuildPhase section */
		2D013B987785CBCF684C1210 /* [CP] Check Pods Manifest.lock */ = {
			isa = PBXShellScriptBuildPhase;
			buildActionMask = 2147483647;
			files = (
			);
			inputFileListPaths = (
			);
			inputPaths = (
				"${PODS_PODFILE_DIR_PATH}/Podfile.lock",
				"${PODS_ROOT}/Manifest.lock",
			);
			name = "[CP] Check Pods Manifest.lock";
			outputFileListPaths = (
			);
			outputPaths = (
				"$(DERIVED_FILE_DIR)/Pods-LLOYDSTestTests-checkManifestLockResult.txt",
			);
			runOnlyForDeploymentPostprocessing = 0;
			shellPath = /bin/sh;
			shellScript = "diff \"${PODS_PODFILE_DIR_PATH}/Podfile.lock\" \"${PODS_ROOT}/Manifest.lock\" > /dev/null\nif [ $? != 0 ] ; then\n    # print error to STDERR\n    echo \"error: The sandbox is not in sync with the Podfile.lock. Run 'pod install' or update your CocoaPods installation.\" >&2\n    exit 1\nfi\n# This output is used by Xcode 'outputs' to avoid re-running this script phase.\necho \"SUCCESS\" > \"${SCRIPT_OUTPUT_FILE_0}\"\n";
			showEnvVarsInLog = 0;
		};
		526F9F50D8D63CFD10A78936 /* [CP] Embed Pods Frameworks */ = {
			isa = PBXShellScriptBuildPhase;
			buildActionMask = 2147483647;
			files = (
			);
			inputFileListPaths = (
				"${PODS_ROOT}/Target Support Files/Pods-LLOYDSTest/Pods-LLOYDSTest-frameworks-${CONFIGURATION}-input-files.xcfilelist",
			);
			name = "[CP] Embed Pods Frameworks";
			outputFileListPaths = (
				"${PODS_ROOT}/Target Support Files/Pods-LLOYDSTest/Pods-LLOYDSTest-frameworks-${CONFIGURATION}-output-files.xcfilelist",
			);
			runOnlyForDeploymentPostprocessing = 0;
			shellPath = /bin/sh;
			shellScript = "\"${PODS_ROOT}/Target Support Files/Pods-LLOYDSTest/Pods-LLOYDSTest-frameworks.sh\"\n";
			showEnvVarsInLog = 0;
		};
		6C70DC0B8EB4807E16E100D3 /* [CP] Check Pods Manifest.lock */ = {
			isa = PBXShellScriptBuildPhase;
			buildActionMask = 2147483647;
			files = (
			);
			inputFileListPaths = (
			);
			inputPaths = (
				"${PODS_PODFILE_DIR_PATH}/Podfile.lock",
				"${PODS_ROOT}/Manifest.lock",
			);
			name = "[CP] Check Pods Manifest.lock";
			outputFileListPaths = (
			);
			outputPaths = (
				"$(DERIVED_FILE_DIR)/Pods-LLOYDSTest-checkManifestLockResult.txt",
			);
			runOnlyForDeploymentPostprocessing = 0;
			shellPath = /bin/sh;
			shellScript = "diff \"${PODS_PODFILE_DIR_PATH}/Podfile.lock\" \"${PODS_ROOT}/Manifest.lock\" > /dev/null\nif [ $? != 0 ] ; then\n    # print error to STDERR\n    echo \"error: The sandbox is not in sync with the Podfile.lock. Run 'pod install' or update your CocoaPods installation.\" >&2\n    exit 1\nfi\n# This output is used by Xcode 'outputs' to avoid re-running this script phase.\necho \"SUCCESS\" > \"${SCRIPT_OUTPUT_FILE_0}\"\n";
			showEnvVarsInLog = 0;
		};
/* End PBXShellScriptBuildPhase section */

/* Begin PBXSourcesBuildPhase section */
		9BF479512978ECC400BAAC9F /* Sources */ = {
			isa = PBXSourcesBuildPhase;
			buildActionMask = 2147483647;
			files = (
				9BF479902978F07300BAAC9F /* APIManager.swift in Sources */,
				9BF479922978F1B300BAAC9F /* APIEndpoints.swift in Sources */,
				9BF479982978F42400BAAC9F /* APIError.swift in Sources */,
				9BF4798C2978EE5000BAAC9F /* Road.swift in Sources */,
				9BF4799E2979204900BAAC9F /* BaseViewController.swift in Sources */,
				9BF4795D2978ECC400BAAC9F /* ViewController.swift in Sources */,
				9BF479A4297922D100BAAC9F /* Constant.swift in Sources */,
				9BF479592978ECC400BAAC9F /* AppDelegate.swift in Sources */,
				9BF479A12979209D00BAAC9F /* RoadView.swift in Sources */,
				9BF4795B2978ECC400BAAC9F /* SceneDelegate.swift in Sources */,
				9BF4799B2978F8AA00BAAC9F /* RoadViewModel.swift in Sources */,
			);
			runOnlyForDeploymentPostprocessing = 0;
		};
		9BF479672978ECC600BAAC9F /* Sources */ = {
			isa = PBXSourcesBuildPhase;
			buildActionMask = 2147483647;
			files = (
				9BF479702978ECC600BAAC9F /* LLOYDSTestTests.swift in Sources */,
			);
			runOnlyForDeploymentPostprocessing = 0;
		};
		9BF479712978ECC600BAAC9F /* Sources */ = {
			isa = PBXSourcesBuildPhase;
			buildActionMask = 2147483647;
			files = (
				9BF4797A2978ECC600BAAC9F /* LLOYDSTestUITests.swift in Sources */,
				9BF4797C2978ECC600BAAC9F /* LLOYDSTestUITestsLaunchTests.swift in Sources */,
			);
			runOnlyForDeploymentPostprocessing = 0;
		};
/* End PBXSourcesBuildPhase section */

/* Begin PBXTargetDependency section */
		9BF4796D2978ECC600BAAC9F /* PBXTargetDependency */ = {
			isa = PBXTargetDependency;
			target = 9BF479542978ECC400BAAC9F /* LLOYDSTest */;
			targetProxy = 9BF4796C2978ECC600BAAC9F /* PBXContainerItemProxy */;
		};
		9BF479772978ECC600BAAC9F /* PBXTargetDependency */ = {
			isa = PBXTargetDependency;
			target = 9BF479542978ECC400BAAC9F /* LLOYDSTest */;
			targetProxy = 9BF479762978ECC600BAAC9F /* PBXContainerItemProxy */;
		};
/* End PBXTargetDependency section */

/* Begin PBXVariantGroup section */
		9BF4795E2978ECC400BAAC9F /* Main.storyboard */ = {
			isa = PBXVariantGroup;
			children = (
				9BF4795F2978ECC400BAAC9F /* Base */,
			);
			name = Main.storyboard;
			sourceTree = "<group>";
		};
		9BF479632978ECC600BAAC9F /* LaunchScreen.storyboard */ = {
			isa = PBXVariantGroup;
			children = (
				9BF479642978ECC600BAAC9F /* Base */,
			);
			name = LaunchScreen.storyboard;
			sourceTree = "<group>";
		};
/* End PBXVariantGroup section */

/* Begin XCBuildConfiguration section */
		9BF4797D2978ECC600BAAC9F /* Debug */ = {
			isa = XCBuildConfiguration;
			buildSettings = {
				ALWAYS_SEARCH_USER_PATHS = NO;
				CLANG_ANALYZER_NONNULL = YES;
				CLANG_ANALYZER_NUMBER_OBJECT_CONVERSION = YES_AGGRESSIVE;
				CLANG_CXX_LANGUAGE_STANDARD = "gnu++20";
				CLANG_ENABLE_MODULES = YES;
				CLANG_ENABLE_OBJC_ARC = YES;
				CLANG_ENABLE_OBJC_WEAK = YES;
				CLANG_WARN_BLOCK_CAPTURE_AUTORELEASING = YES;
				CLANG_WARN_BOOL_CONVERSION = YES;
				CLANG_WARN_COMMA = YES;
				CLANG_WARN_CONSTANT_CONVERSION = YES;
				CLANG_WARN_DEPRECATED_OBJC_IMPLEMENTATIONS = YES;
				CLANG_WARN_DIRECT_OBJC_ISA_USAGE = YES_ERROR;
				CLANG_WARN_DOCUMENTATION_COMMENTS = YES;
				CLANG_WARN_EMPTY_BODY = YES;
				CLANG_WARN_ENUM_CONVERSION = YES;
				CLANG_WARN_INFINITE_RECURSION = YES;
				CLANG_WARN_INT_CONVERSION = YES;
				CLANG_WARN_NON_LITERAL_NULL_CONVERSION = YES;
				CLANG_WARN_OBJC_IMPLICIT_RETAIN_SELF = YES;
				CLANG_WARN_OBJC_LITERAL_CONVERSION = YES;
				CLANG_WARN_OBJC_ROOT_CLASS = YES_ERROR;
				CLANG_WARN_QUOTED_INCLUDE_IN_FRAMEWORK_HEADER = YES;
				CLANG_WARN_RANGE_LOOP_ANALYSIS = YES;
				CLANG_WARN_STRICT_PROTOTYPES = YES;
				CLANG_WARN_SUSPICIOUS_MOVE = YES;
				CLANG_WARN_UNGUARDED_AVAILABILITY = YES_AGGRESSIVE;
				CLANG_WARN_UNREACHABLE_CODE = YES;
				CLANG_WARN__DUPLICATE_METHOD_MATCH = YES;
				COPY_PHASE_STRIP = NO;
				DEBUG_INFORMATION_FORMAT = dwarf;
				ENABLE_STRICT_OBJC_MSGSEND = YES;
				ENABLE_TESTABILITY = YES;
				GCC_C_LANGUAGE_STANDARD = gnu11;
				GCC_DYNAMIC_NO_PIC = NO;
				GCC_NO_COMMON_BLOCKS = YES;
				GCC_OPTIMIZATION_LEVEL = 0;
				GCC_PREPROCESSOR_DEFINITIONS = (
					"DEBUG=1",
					"$(inherited)",
				);
				GCC_WARN_64_TO_32_BIT_CONVERSION = YES;
				GCC_WARN_ABOUT_RETURN_TYPE = YES_ERROR;
				GCC_WARN_UNDECLARED_SELECTOR = YES;
				GCC_WARN_UNINITIALIZED_AUTOS = YES_AGGRESSIVE;
				GCC_WARN_UNUSED_FUNCTION = YES;
				GCC_WARN_UNUSED_VARIABLE = YES;
				IPHONEOS_DEPLOYMENT_TARGET = 16.1;
				MTL_ENABLE_DEBUG_INFO = INCLUDE_SOURCE;
				MTL_FAST_MATH = YES;
				ONLY_ACTIVE_ARCH = YES;
				SDKROOT = iphoneos;
				SWIFT_ACTIVE_COMPILATION_CONDITIONS = DEBUG;
				SWIFT_OPTIMIZATION_LEVEL = "-Onone";
			};
			name = Debug;
		};
		9BF4797E2978ECC600BAAC9F /* Release */ = {
			isa = XCBuildConfiguration;
			buildSettings = {
				ALWAYS_SEARCH_USER_PATHS = NO;
				CLANG_ANALYZER_NONNULL = YES;
				CLANG_ANALYZER_NUMBER_OBJECT_CONVERSION = YES_AGGRESSIVE;
				CLANG_CXX_LANGUAGE_STANDARD = "gnu++20";
				CLANG_ENABLE_MODULES = YES;
				CLANG_ENABLE_OBJC_ARC = YES;
				CLANG_ENABLE_OBJC_WEAK = YES;
				CLANG_WARN_BLOCK_CAPTURE_AUTORELEASING = YES;
				CLANG_WARN_BOOL_CONVERSION = YES;
				CLANG_WARN_COMMA = YES;
				CLANG_WARN_CONSTANT_CONVERSION = YES;
				CLANG_WARN_DEPRECATED_OBJC_IMPLEMENTATIONS = YES;
				CLANG_WARN_DIRECT_OBJC_ISA_USAGE = YES_ERROR;
				CLANG_WARN_DOCUMENTATION_COMMENTS = YES;
				CLANG_WARN_EMPTY_BODY = YES;
				CLANG_WARN_ENUM_CONVERSION = YES;
				CLANG_WARN_INFINITE_RECURSION = YES;
				CLANG_WARN_INT_CONVERSION = YES;
				CLANG_WARN_NON_LITERAL_NULL_CONVERSION = YES;
				CLANG_WARN_OBJC_IMPLICIT_RETAIN_SELF = YES;
				CLANG_WARN_OBJC_LITERAL_CONVERSION = YES;
				CLANG_WARN_OBJC_ROOT_CLASS = YES_ERROR;
				CLANG_WARN_QUOTED_INCLUDE_IN_FRAMEWORK_HEADER = YES;
				CLANG_WARN_RANGE_LOOP_ANALYSIS = YES;
				CLANG_WARN_STRICT_PROTOTYPES = YES;
				CLANG_WARN_SUSPICIOUS_MOVE = YES;
				CLANG_WARN_UNGUARDED_AVAILABILITY = YES_AGGRESSIVE;
				CLANG_WARN_UNREACHABLE_CODE = YES;
				CLANG_WARN__DUPLICATE_METHOD_MATCH = YES;
				COPY_PHASE_STRIP = NO;
				DEBUG_INFORMATION_FORMAT = "dwarf-with-dsym";
				ENABLE_NS_ASSERTIONS = NO;
				ENABLE_STRICT_OBJC_MSGSEND = YES;
				GCC_C_LANGUAGE_STANDARD = gnu11;
				GCC_NO_COMMON_BLOCKS = YES;
				GCC_WARN_64_TO_32_BIT_CONVERSION = YES;
				GCC_WARN_ABOUT_RETURN_TYPE = YES_ERROR;
				GCC_WARN_UNDECLARED_SELECTOR = YES;
				GCC_WARN_UNINITIALIZED_AUTOS = YES_AGGRESSIVE;
				GCC_WARN_UNUSED_FUNCTION = YES;
				GCC_WARN_UNUSED_VARIABLE = YES;
				IPHONEOS_DEPLOYMENT_TARGET = 16.1;
				MTL_ENABLE_DEBUG_INFO = NO;
				MTL_FAST_MATH = YES;
				SDKROOT = iphoneos;
				SWIFT_COMPILATION_MODE = wholemodule;
				SWIFT_OPTIMIZATION_LEVEL = "-O";
				VALIDATE_PRODUCT = YES;
			};
			name = Release;
		};
		9BF479802978ECC600BAAC9F /* Debug */ = {
			isa = XCBuildConfiguration;
			baseConfigurationReference = 6460B62C0796AC06C4E78D23 /* Pods-LLOYDSTest.debug.xcconfig */;
			buildSettings = {
				ASSETCATALOG_COMPILER_APPICON_NAME = AppIcon;
				ASSETCATALOG_COMPILER_GLOBAL_ACCENT_COLOR_NAME = AccentColor;
				CODE_SIGN_STYLE = Automatic;
				CURRENT_PROJECT_VERSION = 1;
				GENERATE_INFOPLIST_FILE = YES;
				INFOPLIST_FILE = LLOYDSTest/Info.plist;
				INFOPLIST_KEY_UIApplicationSupportsIndirectInputEvents = YES;
				INFOPLIST_KEY_UILaunchStoryboardName = LaunchScreen;
				INFOPLIST_KEY_UIMainStoryboardFile = Main;
				INFOPLIST_KEY_UISupportedInterfaceOrientations = UIInterfaceOrientationPortrait;
				IPHONEOS_DEPLOYMENT_TARGET = 13.0;
				LD_RUNPATH_SEARCH_PATHS = (
					"$(inherited)",
					"@executable_path/Frameworks",
				);
				MARKETING_VERSION = 1.0;
				PRODUCT_BUNDLE_IDENTIFIER = assignment.LLOYDS.LLOYDSTest;
				PRODUCT_NAME = "$(TARGET_NAME)";
				SWIFT_EMIT_LOC_STRINGS = YES;
				SWIFT_VERSION = 5.0;
				TARGETED_DEVICE_FAMILY = "1,2";
			};
			name = Debug;
		};
		9BF479812978ECC600BAAC9F /* Release */ = {
			isa = XCBuildConfiguration;
			baseConfigurationReference = 0241E6CA41F2A15765A9E646 /* Pods-LLOYDSTest.release.xcconfig */;
			buildSettings = {
				ASSETCATALOG_COMPILER_APPICON_NAME = AppIcon;
				ASSETCATALOG_COMPILER_GLOBAL_ACCENT_COLOR_NAME = AccentColor;
				CODE_SIGN_STYLE = Automatic;
				CURRENT_PROJECT_VERSION = 1;
				GENERATE_INFOPLIST_FILE = YES;
				INFOPLIST_FILE = LLOYDSTest/Info.plist;
				INFOPLIST_KEY_UIApplicationSupportsIndirectInputEvents = YES;
				INFOPLIST_KEY_UILaunchStoryboardName = LaunchScreen;
				INFOPLIST_KEY_UIMainStoryboardFile = Main;
				INFOPLIST_KEY_UISupportedInterfaceOrientations = UIInterfaceOrientationPortrait;
				IPHONEOS_DEPLOYMENT_TARGET = 13.0;
				LD_RUNPATH_SEARCH_PATHS = (
					"$(inherited)",
					"@executable_path/Frameworks",
				);
				MARKETING_VERSION = 1.0;
				PRODUCT_BUNDLE_IDENTIFIER = assignment.LLOYDS.LLOYDSTest;
				PRODUCT_NAME = "$(TARGET_NAME)";
				SWIFT_EMIT_LOC_STRINGS = YES;
				SWIFT_VERSION = 5.0;
				TARGETED_DEVICE_FAMILY = "1,2";
			};
			name = Release;
		};
		9BF479832978ECC600BAAC9F /* Debug */ = {
			isa = XCBuildConfiguration;
			baseConfigurationReference = 9914B8A3A6E098B761BB3222 /* Pods-LLOYDSTestTests.debug.xcconfig */;
			buildSettings = {
				ALWAYS_EMBED_SWIFT_STANDARD_LIBRARIES = YES;
				BUNDLE_LOADER = "$(TEST_HOST)";
				CODE_SIGN_STYLE = Automatic;
				CURRENT_PROJECT_VERSION = 1;
				GENERATE_INFOPLIST_FILE = YES;
				IPHONEOS_DEPLOYMENT_TARGET = 13.0;
				MARKETING_VERSION = 1.0;
				PRODUCT_BUNDLE_IDENTIFIER = assignment.LLOYDS.LLOYDSTestTests;
				PRODUCT_NAME = "$(TARGET_NAME)";
				SWIFT_EMIT_LOC_STRINGS = NO;
				SWIFT_VERSION = 5.0;
				TARGETED_DEVICE_FAMILY = "1,2";
				TEST_HOST = "$(BUILT_PRODUCTS_DIR)/LLOYDSTest.app/$(BUNDLE_EXECUTABLE_FOLDER_PATH)/LLOYDSTest";
			};
			name = Debug;
		};
		9BF479842978ECC600BAAC9F /* Release */ = {
			isa = XCBuildConfiguration;
			baseConfigurationReference = 522F1BA78AC8035B05A4866D /* Pods-LLOYDSTestTests.release.xcconfig */;
			buildSettings = {
				ALWAYS_EMBED_SWIFT_STANDARD_LIBRARIES = YES;
				BUNDLE_LOADER = "$(TEST_HOST)";
				CODE_SIGN_STYLE = Automatic;
				CURRENT_PROJECT_VERSION = 1;
				GENERATE_INFOPLIST_FILE = YES;
				IPHONEOS_DEPLOYMENT_TARGET = 13.0;
				MARKETING_VERSION = 1.0;
				PRODUCT_BUNDLE_IDENTIFIER = assignment.LLOYDS.LLOYDSTestTests;
				PRODUCT_NAME = "$(TARGET_NAME)";
				SWIFT_EMIT_LOC_STRINGS = NO;
				SWIFT_VERSION = 5.0;
				TARGETED_DEVICE_FAMILY = "1,2";
				TEST_HOST = "$(BUILT_PRODUCTS_DIR)/LLOYDSTest.app/$(BUNDLE_EXECUTABLE_FOLDER_PATH)/LLOYDSTest";
			};
			name = Release;
		};
		9BF479862978ECC600BAAC9F /* Debug */ = {
			isa = XCBuildConfiguration;
			buildSettings = {
				ALWAYS_EMBED_SWIFT_STANDARD_LIBRARIES = YES;
				CODE_SIGN_STYLE = Automatic;
				CURRENT_PROJECT_VERSION = 1;
				GENERATE_INFOPLIST_FILE = YES;
				MARKETING_VERSION = 1.0;
				PRODUCT_BUNDLE_IDENTIFIER = assignment.LLOYDS.LLOYDSTestUITests;
				PRODUCT_NAME = "$(TARGET_NAME)";
				SWIFT_EMIT_LOC_STRINGS = NO;
				SWIFT_VERSION = 5.0;
				TARGETED_DEVICE_FAMILY = "1,2";
				TEST_TARGET_NAME = LLOYDSTest;
			};
			name = Debug;
		};
		9BF479872978ECC600BAAC9F /* Release */ = {
			isa = XCBuildConfiguration;
			buildSettings = {
				ALWAYS_EMBED_SWIFT_STANDARD_LIBRARIES = YES;
				CODE_SIGN_STYLE = Automatic;
				CURRENT_PROJECT_VERSION = 1;
				GENERATE_INFOPLIST_FILE = YES;
				MARKETING_VERSION = 1.0;
				PRODUCT_BUNDLE_IDENTIFIER = assignment.LLOYDS.LLOYDSTestUITests;
				PRODUCT_NAME = "$(TARGET_NAME)";
				SWIFT_EMIT_LOC_STRINGS = NO;
				SWIFT_VERSION = 5.0;
				TARGETED_DEVICE_FAMILY = "1,2";
				TEST_TARGET_NAME = LLOYDSTest;
			};
			name = Release;
		};
/* End XCBuildConfiguration section */

/* Begin XCConfigurationList section */
		9BF479502978ECC400BAAC9F /* Build configuration list for PBXProject "LLOYDSTest" */ = {
			isa = XCConfigurationList;
			buildConfigurations = (
				9BF4797D2978ECC600BAAC9F /* Debug */,
				9BF4797E2978ECC600BAAC9F /* Release */,
			);
			defaultConfigurationIsVisible = 0;
			defaultConfigurationName = Release;
		};
		9BF4797F2978ECC600BAAC9F /* Build configuration list for PBXNativeTarget "LLOYDSTest" */ = {
			isa = XCConfigurationList;
			buildConfigurations = (
				9BF479802978ECC600BAAC9F /* Debug */,
				9BF479812978ECC600BAAC9F /* Release */,
			);
			defaultConfigurationIsVisible = 0;
			defaultConfigurationName = Release;
		};
		9BF479822978ECC600BAAC9F /* Build configuration list for PBXNativeTarget "LLOYDSTestTests" */ = {
			isa = XCConfigurationList;
			buildConfigurations = (
				9BF479832978ECC600BAAC9F /* Debug */,
				9BF479842978ECC600BAAC9F /* Release */,
			);
			defaultConfigurationIsVisible = 0;
			defaultConfigurationName = Release;
		};
		9BF479852978ECC600BAAC9F /* Build configuration list for PBXNativeTarget "LLOYDSTestUITests" */ = {
			isa = XCConfigurationList;
			buildConfigurations = (
				9BF479862978ECC600BAAC9F /* Debug */,
				9BF479872978ECC600BAAC9F /* Release */,
			);
			defaultConfigurationIsVisible = 0;
			defaultConfigurationName = Release;
		};
/* End XCConfigurationList section */
	};
	rootObject = 9BF4794D2978ECC400BAAC9F /* Project object */;
}
